// !$*UTF8*$!
{
	archiveVersion = 1;
	classes = {
	};
	objectVersion = 56;
	objects = {

/* Begin PBXBuildFile section */
		4F240BC029640B7F00A8964D /* AppDelegate.swift in Sources */ = {isa = PBXBuildFile; fileRef = 4F240BBF29640B7F00A8964D /* AppDelegate.swift */; };
		4F240BC229640B7F00A8964D /* SceneDelegate.swift in Sources */ = {isa = PBXBuildFile; fileRef = 4F240BC129640B7F00A8964D /* SceneDelegate.swift */; };
		4F240BC429640B7F00A8964D /* CatalogViewController.swift in Sources */ = {isa = PBXBuildFile; fileRef = 4F240BC329640B7F00A8964D /* CatalogViewController.swift */; };
		4F240BC929640B7F00A8964D /* Assets.xcassets in Resources */ = {isa = PBXBuildFile; fileRef = 4F240BC829640B7F00A8964D /* Assets.xcassets */; };
		4F240BCC29640B7F00A8964D /* LaunchScreen.storyboard in Resources */ = {isa = PBXBuildFile; fileRef = 4F240BCA29640B7F00A8964D /* LaunchScreen.storyboard */; };
		4F240BD429640D9E00A8964D /* CatalogCollectionViewLayout.swift in Sources */ = {isa = PBXBuildFile; fileRef = 4F240BD329640D9E00A8964D /* CatalogCollectionViewLayout.swift */; };
		4F240BD62964119B00A8964D /* CatalogSectionModel.swift in Sources */ = {isa = PBXBuildFile; fileRef = 4F240BD52964119B00A8964D /* CatalogSectionModel.swift */; };
		4F6BD5C5296414C900BE7070 /* CatalogItemModel.swift in Sources */ = {isa = PBXBuildFile; fileRef = 4F6BD5C4296414C900BE7070 /* CatalogItemModel.swift */; };
		4F6BD5C72964156700BE7070 /* CatalogImageContentConfiguration.swift in Sources */ = {isa = PBXBuildFile; fileRef = 4F6BD5C62964156700BE7070 /* CatalogImageContentConfiguration.swift */; };
		4F6BD5C92964157500BE7070 /* CatalogImageContentView.swift in Sources */ = {isa = PBXBuildFile; fileRef = 4F6BD5C82964157500BE7070 /* CatalogImageContentView.swift */; };
		4F6BD5CB296416D300BE7070 /* CatalogViewModel.swift in Sources */ = {isa = PBXBuildFile; fileRef = 4F6BD5CA296416D300BE7070 /* CatalogViewModel.swift */; };
		4F6BD5D12964257900BE7070 /* UIView+swizzle.m in Sources */ = {isa = PBXBuildFile; fileRef = 4F6BD5CD2964257800BE7070 /* UIView+swizzle.m */; };
		4F6BD5D22964257900BE7070 /* swizzle.m in Sources */ = {isa = PBXBuildFile; fileRef = 4F6BD5D02964257800BE7070 /* swizzle.m */; };
/* End PBXBuildFile section */

/* Begin PBXFileReference section */
		4F240BBC29640B7F00A8964D /* PXInfinityCollectionView.app */ = {isa = PBXFileReference; explicitFileType = wrapper.application; includeInIndex = 0; path = PXInfinityCollectionView.app; sourceTree = BUILT_PRODUCTS_DIR; };
		4F240BBF29640B7F00A8964D /* AppDelegate.swift */ = {isa = PBXFileReference; lastKnownFileType = sourcecode.swift; path = AppDelegate.swift; sourceTree = "<group>"; };
		4F240BC129640B7F00A8964D /* SceneDelegate.swift */ = {isa = PBXFileReference; lastKnownFileType = sourcecode.swift; path = SceneDelegate.swift; sourceTree = "<group>"; };
		4F240BC329640B7F00A8964D /* CatalogViewController.swift */ = {isa = PBXFileReference; lastKnownFileType = sourcecode.swift; path = CatalogViewController.swift; sourceTree = "<group>"; };
		4F240BC829640B7F00A8964D /* Assets.xcassets */ = {isa = PBXFileReference; lastKnownFileType = folder.assetcatalog; path = Assets.xcassets; sourceTree = "<group>"; };
		4F240BCB29640B7F00A8964D /* Base */ = {isa = PBXFileReference; lastKnownFileType = file.storyboard; name = Base; path = Base.lproj/LaunchScreen.storyboard; sourceTree = "<group>"; };
		4F240BCD29640B7F00A8964D /* Info.plist */ = {isa = PBXFileReference; lastKnownFileType = text.plist.xml; path = Info.plist; sourceTree = "<group>"; };
		4F240BD329640D9E00A8964D /* CatalogCollectionViewLayout.swift */ = {isa = PBXFileReference; lastKnownFileType = sourcecode.swift; path = CatalogCollectionViewLayout.swift; sourceTree = "<group>"; };
		4F240BD52964119B00A8964D /* CatalogSectionModel.swift */ = {isa = PBXFileReference; lastKnownFileType = sourcecode.swift; path = CatalogSectionModel.swift; sourceTree = "<group>"; };
		4F6BD5C4296414C900BE7070 /* CatalogItemModel.swift */ = {isa = PBXFileReference; lastKnownFileType = sourcecode.swift; path = CatalogItemModel.swift; sourceTree = "<group>"; };
		4F6BD5C62964156700BE7070 /* CatalogImageContentConfiguration.swift */ = {isa = PBXFileReference; lastKnownFileType = sourcecode.swift; path = CatalogImageContentConfiguration.swift; sourceTree = "<group>"; };
		4F6BD5C82964157500BE7070 /* CatalogImageContentView.swift */ = {isa = PBXFileReference; lastKnownFileType = sourcecode.swift; path = CatalogImageContentView.swift; sourceTree = "<group>"; };
		4F6BD5CA296416D300BE7070 /* CatalogViewModel.swift */ = {isa = PBXFileReference; lastKnownFileType = sourcecode.swift; path = CatalogViewModel.swift; sourceTree = "<group>"; };
		4F6BD5CD2964257800BE7070 /* UIView+swizzle.m */ = {isa = PBXFileReference; fileEncoding = 4; lastKnownFileType = sourcecode.c.objc; path = "UIView+swizzle.m"; sourceTree = "<group>"; };
		4F6BD5CE2964257800BE7070 /* swizzle.h */ = {isa = PBXFileReference; fileEncoding = 4; lastKnownFileType = sourcecode.c.h; path = swizzle.h; sourceTree = "<group>"; };
		4F6BD5CF2964257800BE7070 /* UIView+swizzle.h */ = {isa = PBXFileReference; fileEncoding = 4; lastKnownFileType = sourcecode.c.h; path = "UIView+swizzle.h"; sourceTree = "<group>"; };
		4F6BD5D02964257800BE7070 /* swizzle.m */ = {isa = PBXFileReference; fileEncoding = 4; lastKnownFileType = sourcecode.c.objc; path = swizzle.m; sourceTree = "<group>"; };
/* End PBXFileReference section */

/* Begin PBXFrameworksBuildPhase section */
		4F240BB929640B7F00A8964D /* Frameworks */ = {
			isa = PBXFrameworksBuildPhase;
			buildActionMask = 2147483647;
			files = (
			);
			runOnlyForDeploymentPostprocessing = 0;
		};
/* End PBXFrameworksBuildPhase section */

/* Begin PBXGroup section */
		4F240BB329640B7E00A8964D = {
			isa = PBXGroup;
			children = (
				4F240BBE29640B7F00A8964D /* PXInfinityCollectionView */,
				4F240BBD29640B7F00A8964D /* Products */,
			);
			sourceTree = "<group>";
		};
		4F240BBD29640B7F00A8964D /* Products */ = {
			isa = PBXGroup;
			children = (
				4F240BBC29640B7F00A8964D /* PXInfinityCollectionView.app */,
			);
			name = Products;
			sourceTree = "<group>";
		};
		4F240BBE29640B7F00A8964D /* PXInfinityCollectionView */ = {
			isa = PBXGroup;
			children = (
				4F6BD5CC2964257800BE7070 /* Private */,
				4F240BBF29640B7F00A8964D /* AppDelegate.swift */,
				4F240BC129640B7F00A8964D /* SceneDelegate.swift */,
				4F240BC329640B7F00A8964D /* CatalogViewController.swift */,
				4F6BD5CA296416D300BE7070 /* CatalogViewModel.swift */,
				4F240BD52964119B00A8964D /* CatalogSectionModel.swift */,
				4F6BD5C4296414C900BE7070 /* CatalogItemModel.swift */,
				4F240BD329640D9E00A8964D /* CatalogCollectionViewLayout.swift */,
				4F6BD5C62964156700BE7070 /* CatalogImageContentConfiguration.swift */,
				4F6BD5C82964157500BE7070 /* CatalogImageContentView.swift */,
				4F240BC829640B7F00A8964D /* Assets.xcassets */,
				4F240BCA29640B7F00A8964D /* LaunchScreen.storyboard */,
				4F240BCD29640B7F00A8964D /* Info.plist */,
			);
			path = PXInfinityCollectionView;
			sourceTree = "<group>";
		};
		4F6BD5CC2964257800BE7070 /* Private */ = {
			isa = PBXGroup;
			children = (
				4F6BD5CE2964257800BE7070 /* swizzle.h */,
				4F6BD5D02964257800BE7070 /* swizzle.m */,
				4F6BD5CF2964257800BE7070 /* UIView+swizzle.h */,
				4F6BD5CD2964257800BE7070 /* UIView+swizzle.m */,
			);
			path = Private;
			sourceTree = "<group>";
		};
/* End PBXGroup section */

/* Begin PBXNativeTarget section */
		4F240BBB29640B7F00A8964D /* PXInfinityCollectionView */ = {
			isa = PBXNativeTarget;
			buildConfigurationList = 4F240BD029640B7F00A8964D /* Build configuration list for PBXNativeTarget "PXInfinityCollectionView" */;
			buildPhases = (
				4F240BB829640B7F00A8964D /* Sources */,
				4F240BB929640B7F00A8964D /* Frameworks */,
				4F240BBA29640B7F00A8964D /* Resources */,
			);
			buildRules = (
			);
			dependencies = (
			);
			name = PXInfinityCollectionView;
			productName = PXInfinityCollectionView;
			productReference = 4F240BBC29640B7F00A8964D /* PXInfinityCollectionView.app */;
			productType = "com.apple.product-type.application";
		};
/* End PBXNativeTarget section */

/* Begin PBXProject section */
		4F240BB429640B7E00A8964D /* Project object */ = {
			isa = PBXProject;
			attributes = {
				BuildIndependentTargetsInParallel = 1;
				LastSwiftUpdateCheck = 1420;
				LastUpgradeCheck = 1420;
				TargetAttributes = {
					4F240BBB29640B7F00A8964D = {
						CreatedOnToolsVersion = 14.2;
					};
				};
			};
			buildConfigurationList = 4F240BB729640B7E00A8964D /* Build configuration list for PBXProject "PXInfinityCollectionView" */;
			compatibilityVersion = "Xcode 14.0";
			developmentRegion = en;
			hasScannedForEncodings = 0;
			knownRegions = (
				en,
				Base,
			);
			mainGroup = 4F240BB329640B7E00A8964D;
			productRefGroup = 4F240BBD29640B7F00A8964D /* Products */;
			projectDirPath = "";
			projectRoot = "";
			targets = (
				4F240BBB29640B7F00A8964D /* PXInfinityCollectionView */,
			);
		};
/* End PBXProject section */

/* Begin PBXResourcesBuildPhase section */
		4F240BBA29640B7F00A8964D /* Resources */ = {
			isa = PBXResourcesBuildPhase;
			buildActionMask = 2147483647;
			files = (
				4F240BCC29640B7F00A8964D /* LaunchScreen.storyboard in Resources */,
				4F240BC929640B7F00A8964D /* Assets.xcassets in Resources */,
			);
			runOnlyForDeploymentPostprocessing = 0;
		};
/* End PBXResourcesBuildPhase section */

/* Begin PBXSourcesBuildPhase section */
		4F240BB829640B7F00A8964D /* Sources */ = {
			isa = PBXSourcesBuildPhase;
			buildActionMask = 2147483647;
			files = (
				4F6BD5C5296414C900BE7070 /* CatalogItemModel.swift in Sources */,
				4F6BD5D12964257900BE7070 /* UIView+swizzle.m in Sources */,
				4F240BD429640D9E00A8964D /* CatalogCollectionViewLayout.swift in Sources */,
				4F240BC429640B7F00A8964D /* CatalogViewController.swift in Sources */,
				4F240BC029640B7F00A8964D /* AppDelegate.swift in Sources */,
				4F6BD5C92964157500BE7070 /* CatalogImageContentView.swift in Sources */,
				4F240BD62964119B00A8964D /* CatalogSectionModel.swift in Sources */,
				4F6BD5C72964156700BE7070 /* CatalogImageContentConfiguration.swift in Sources */,
				4F6BD5D22964257900BE7070 /* swizzle.m in Sources */,
				4F240BC229640B7F00A8964D /* SceneDelegate.swift in Sources */,
				4F6BD5CB296416D300BE7070 /* CatalogViewModel.swift in Sources */,
			);
			runOnlyForDeploymentPostprocessing = 0;
		};
/* End PBXSourcesBuildPhase section */

/* Begin PBXVariantGroup section */
		4F240BCA29640B7F00A8964D /* LaunchScreen.storyboard */ = {
			isa = PBXVariantGroup;
			children = (
				4F240BCB29640B7F00A8964D /* Base */,
			);
			name = LaunchScreen.storyboard;
			sourceTree = "<group>";
		};
/* End PBXVariantGroup section */

/* Begin XCBuildConfiguration section */
		4F240BCE29640B7F00A8964D /* Debug */ = {
			isa = XCBuildConfiguration;
			buildSettings = {
				ALWAYS_SEARCH_USER_PATHS = NO;
				CLANG_ANALYZER_NONNULL = YES;
				CLANG_ANALYZER_NUMBER_OBJECT_CONVERSION = YES_AGGRESSIVE;
				CLANG_CXX_LANGUAGE_STANDARD = "gnu++20";
				CLANG_ENABLE_MODULES = YES;
				CLANG_ENABLE_OBJC_ARC = YES;
				CLANG_ENABLE_OBJC_WEAK = YES;
				CLANG_WARN_BLOCK_CAPTURE_AUTORELEASING = YES;
				CLANG_WARN_BOOL_CONVERSION = YES;
				CLANG_WARN_COMMA = YES;
				CLANG_WARN_CONSTANT_CONVERSION = YES;
				CLANG_WARN_DEPRECATED_OBJC_IMPLEMENTATIONS = YES;
				CLANG_WARN_DIRECT_OBJC_ISA_USAGE = YES_ERROR;
				CLANG_WARN_DOCUMENTATION_COMMENTS = YES;
				CLANG_WARN_EMPTY_BODY = YES;
				CLANG_WARN_ENUM_CONVERSION = YES;
				CLANG_WARN_INFINITE_RECURSION = YES;
				CLANG_WARN_INT_CONVERSION = YES;
				CLANG_WARN_NON_LITERAL_NULL_CONVERSION = YES;
				CLANG_WARN_OBJC_IMPLICIT_RETAIN_SELF = YES;
				CLANG_WARN_OBJC_LITERAL_CONVERSION = YES;
				CLANG_WARN_OBJC_ROOT_CLASS = YES_ERROR;
				CLANG_WARN_QUOTED_INCLUDE_IN_FRAMEWORK_HEADER = YES;
				CLANG_WARN_RANGE_LOOP_ANALYSIS = YES;
				CLANG_WARN_STRICT_PROTOTYPES = YES;
				CLANG_WARN_SUSPICIOUS_MOVE = YES;
				CLANG_WARN_UNGUARDED_AVAILABILITY = YES_AGGRESSIVE;
				CLANG_WARN_UNREACHABLE_CODE = YES;
				CLANG_WARN__DUPLICATE_METHOD_MATCH = YES;
				COPY_PHASE_STRIP = NO;
				DEBUG_INFORMATION_FORMAT = dwarf;
				ENABLE_STRICT_OBJC_MSGSEND = YES;
				ENABLE_TESTABILITY = YES;
				GCC_C_LANGUAGE_STANDARD = gnu11;
				GCC_DYNAMIC_NO_PIC = NO;
				GCC_NO_COMMON_BLOCKS = YES;
				GCC_OPTIMIZATION_LEVEL = 0;
				GCC_PREPROCESSOR_DEFINITIONS = (
					"DEBUG=1",
					"$(inherited)",
				);
				GCC_WARN_64_TO_32_BIT_CONVERSION = YES;
				GCC_WARN_ABOUT_RETURN_TYPE = YES_ERROR;
				GCC_WARN_UNDECLARED_SELECTOR = YES;
				GCC_WARN_UNINITIALIZED_AUTOS = YES_AGGRESSIVE;
				GCC_WARN_UNUSED_FUNCTION = YES;
				GCC_WARN_UNUSED_VARIABLE = YES;
				IPHONEOS_DEPLOYMENT_TARGET = 14.0;
				MTL_ENABLE_DEBUG_INFO = INCLUDE_SOURCE;
				MTL_FAST_MATH = YES;
				ONLY_ACTIVE_ARCH = YES;
				SDKROOT = iphoneos;
				SWIFT_ACTIVE_COMPILATION_CONDITIONS = DEBUG;
				SWIFT_OPTIMIZATION_LEVEL = "-Onone";
				SWIFT_STRICT_CONCURRENCY = minimal;
			};
			name = Debug;
		};
		4F240BCF29640B7F00A8964D /* Release */ = {
			isa = XCBuildConfiguration;
			buildSettings = {
				ALWAYS_SEARCH_USER_PATHS = NO;
				CLANG_ANALYZER_NONNULL = YES;
				CLANG_ANALYZER_NUMBER_OBJECT_CONVERSION = YES_AGGRESSIVE;
				CLANG_CXX_LANGUAGE_STANDARD = "gnu++20";
				CLANG_ENABLE_MODULES = YES;
				CLANG_ENABLE_OBJC_ARC = YES;
				CLANG_ENABLE_OBJC_WEAK = YES;
				CLANG_WARN_BLOCK_CAPTURE_AUTORELEASING = YES;
				CLANG_WARN_BOOL_CONVERSION = YES;
				CLANG_WARN_COMMA = YES;
				CLANG_WARN_CONSTANT_CONVERSION = YES;
				CLANG_WARN_DEPRECATED_OBJC_IMPLEMENTATIONS = YES;
				CLANG_WARN_DIRECT_OBJC_ISA_USAGE = YES_ERROR;
				CLANG_WARN_DOCUMENTATION_COMMENTS = YES;
				CLANG_WARN_EMPTY_BODY = YES;
				CLANG_WARN_ENUM_CONVERSION = YES;
				CLANG_WARN_INFINITE_RECURSION = YES;
				CLANG_WARN_INT_CONVERSION = YES;
				CLANG_WARN_NON_LITERAL_NULL_CONVERSION = YES;
				CLANG_WARN_OBJC_IMPLICIT_RETAIN_SELF = YES;
				CLANG_WARN_OBJC_LITERAL_CONVERSION = YES;
				CLANG_WARN_OBJC_ROOT_CLASS = YES_ERROR;
				CLANG_WARN_QUOTED_INCLUDE_IN_FRAMEWORK_HEADER = YES;
				CLANG_WARN_RANGE_LOOP_ANALYSIS = YES;
				CLANG_WARN_STRICT_PROTOTYPES = YES;
				CLANG_WARN_SUSPICIOUS_MOVE = YES;
				CLANG_WARN_UNGUARDED_AVAILABILITY = YES_AGGRESSIVE;
				CLANG_WARN_UNREACHABLE_CODE = YES;
				CLANG_WARN__DUPLICATE_METHOD_MATCH = YES;
				COPY_PHASE_STRIP = NO;
				DEBUG_INFORMATION_FORMAT = "dwarf-with-dsym";
				ENABLE_NS_ASSERTIONS = NO;
				ENABLE_STRICT_OBJC_MSGSEND = YES;
				GCC_C_LANGUAGE_STANDARD = gnu11;
				GCC_NO_COMMON_BLOCKS = YES;
				GCC_WARN_64_TO_32_BIT_CONVERSION = YES;
				GCC_WARN_ABOUT_RETURN_TYPE = YES_ERROR;
				GCC_WARN_UNDECLARED_SELECTOR = YES;
				GCC_WARN_UNINITIALIZED_AUTOS = YES_AGGRESSIVE;
				GCC_WARN_UNUSED_FUNCTION = YES;
				GCC_WARN_UNUSED_VARIABLE = YES;
				IPHONEOS_DEPLOYMENT_TARGET = 14.0;
				MTL_ENABLE_DEBUG_INFO = NO;
				MTL_FAST_MATH = YES;
				SDKROOT = iphoneos;
				SWIFT_COMPILATION_MODE = wholemodule;
				SWIFT_OPTIMIZATION_LEVEL = "-O";
				SWIFT_STRICT_CONCURRENCY = minimal;
				VALIDATE_PRODUCT = YES;
			};
			name = Release;
		};
		4F240BD129640B7F00A8964D /* Debug */ = {
			isa = XCBuildConfiguration;
			buildSettings = {
				ASSETCATALOG_COMPILER_APPICON_NAME = AppIcon;
				ASSETCATALOG_COMPILER_GLOBAL_ACCENT_COLOR_NAME = AccentColor;
				CODE_SIGN_STYLE = Automatic;
				CURRENT_PROJECT_VERSION = 1;
				DEVELOPMENT_TEAM = P53D29U9LJ;
				GENERATE_INFOPLIST_FILE = YES;
				INFOPLIST_FILE = PXInfinityCollectionView/Info.plist;
				INFOPLIST_KEY_UIApplicationSupportsIndirectInputEvents = YES;
				INFOPLIST_KEY_UILaunchStoryboardName = LaunchScreen;
				INFOPLIST_KEY_UISupportedInterfaceOrientations_iPad = "UIInterfaceOrientationPortrait UIInterfaceOrientationPortraitUpsideDown UIInterfaceOrientationLandscapeLeft UIInterfaceOrientationLandscapeRight";
				INFOPLIST_KEY_UISupportedInterfaceOrientations_iPhone = "UIInterfaceOrientationPortrait UIInterfaceOrientationLandscapeLeft UIInterfaceOrientationLandscapeRight";
				LD_RUNPATH_SEARCH_PATHS = (
					"$(inherited)",
					"@executable_path/Frameworks",
				);
				MARKETING_VERSION = 1.0;
				PRODUCT_BUNDLE_IDENTIFIER = co.pixo.PXInfinityCollectionView;
				PRODUCT_NAME = "$(TARGET_NAME)";
				SWIFT_EMIT_LOC_STRINGS = YES;
				SWIFT_VERSION = 5.0;
				TARGETED_DEVICE_FAMILY = "1,2";
			};
			name = Debug;
		};
		4F240BD229640B7F00A8964D /* Release */ = {
			isa = XCBuildConfiguration;
			buildSettings = {
				ASSETCATALOG_COMPILER_APPICON_NAME = AppIcon;
				ASSETCATALOG_COMPILER_GLOBAL_ACCENT_COLOR_NAME = AccentColor;
				CODE_SIGN_STYLE = Automatic;
				CURRENT_PROJECT_VERSION = 1;
				DEVELOPMENT_TEAM = P53D29U9LJ;
				GENERATE_INFOPLIST_FILE = YES;
				INFOPLIST_FILE = PXInfinityCollectionView/Info.plist;
				INFOPLIST_KEY_UIApplicationSupportsIndirectInputEvents = YES;
				INFOPLIST_KEY_UILaunchStoryboardName = LaunchScreen;
				INFOPLIST_KEY_UISupportedInterfaceOrientations_iPad = "UIInterfaceOrientationPortrait UIInterfaceOrientationPortraitUpsideDown UIInterfaceOrientationLandscapeLeft UIInterfaceOrientationLandscapeRight";
				INFOPLIST_KEY_UISupportedInterfaceOrientations_iPhone = "UIInterfaceOrientationPortrait UIInterfaceOrientationLandscapeLeft UIInterfaceOrientationLandscapeRight";
				LD_RUNPATH_SEARCH_PATHS = (
					"$(inherited)",
					"@executable_path/Frameworks",
				);
				MARKETING_VERSION = 1.0;
				PRODUCT_BUNDLE_IDENTIFIER = co.pixo.PXInfinityCollectionView;
				PRODUCT_NAME = "$(TARGET_NAME)";
				SWIFT_EMIT_LOC_STRINGS = YES;
				SWIFT_VERSION = 5.0;
				TARGETED_DEVICE_FAMILY = "1,2";
			};
			name = Release;
		};
/* End XCBuildConfiguration section */

/* Begin XCConfigurationList section */
		4F240BB729640B7E00A8964D /* Build configuration list for PBXProject "PXInfinityCollectionView" */ = {
			isa = XCConfigurationList;
			buildConfigurations = (
				4F240BCE29640B7F00A8964D /* Debug */,
				4F240BCF29640B7F00A8964D /* Release */,
			);
			defaultConfigurationIsVisible = 0;
			defaultConfigurationName = Release;
		};
		4F240BD029640B7F00A8964D /* Build configuration list for PBXNativeTarget "PXInfinityCollectionView" */ = {
			isa = XCConfigurationList;
			buildConfigurations = (
				4F240BD129640B7F00A8964D /* Debug */,
				4F240BD229640B7F00A8964D /* Release */,
			);
			defaultConfigurationIsVisible = 0;
			defaultConfigurationName = Release;
		};
/* End XCConfigurationList section */
	};
	rootObject = 4F240BB429640B7E00A8964D /* Project object */;
}
